
Microsoft Visual Studio Solution File, Format Version 12.00
# Visual Studio Version 16
VisualStudioVersion = 16.0.31729.503
MinimumVisualStudioVersion = 10.0.40219.1
Project("{FAE04EC0-301F-11D3-BF4B-00C04F79EFBC}") = "API_Mockada", "API_Mockada.csproj", "{68069584-23F6-4754-9FB5-2F48AC898B0F}"
EndProject
Global
	GlobalSection(SolutionConfigurationPlatforms) = preSolution
		Debug|Any CPU = Debug|Any CPU
		Release|Any CPU = Release|Any CPU
	EndGlobalSection
	GlobalSection(ProjectConfigurationPlatforms) = postSolution
		{68069584-23F6-4754-9FB5-2F48AC898B0F}.Debug|Any CPU.ActiveCfg = Debug|Any CPU
		{68069584-23F6-4754-9FB5-2F48AC898B0F}.Debug|Any CPU.Build.0 = Debug|Any CPU
		{68069584-23F6-4754-9FB5-2F48AC898B0F}.Release|Any CPU.ActiveCfg = Release|Any CPU
		{68069584-23F6-4754-9FB5-2F48AC898B0F}.Release|Any CPU.Build.0 = Release|Any CPU
	EndGlobalSection
	GlobalSection(SolutionProperties) = preSolution
		HideSolutionNode = FALSE
	EndGlobalSection
	GlobalSection(ExtensibilityGlobals) = postSolution
		SolutionGuid = {64158D7F-B2CD-49CC-B990-A533B5A416FC}
	EndGlobalSection
EndGlobal
