
Microsoft Visual Studio Solution File, Format Version 12.00
# Visual Studio Version 16
VisualStudioVersion = 16.0.31729.503
MinimumVisualStudioVersion = 10.0.40219.1
Project("{FAE04EC0-301F-11D3-BF4B-00C04F79EFBC}") = "FunilariaDev", "FunilariaDev\FunilariaDev.csproj", "{EF28DEED-0663-4374-A459-1335EB5BE81A}"
EndProject
Global
	GlobalSection(SolutionConfigurationPlatforms) = preSolution
		Debug|Any CPU = Debug|Any CPU
		Release|Any CPU = Release|Any CPU
	EndGlobalSection
	GlobalSection(ProjectConfigurationPlatforms) = postSolution
		{EF28DEED-0663-4374-A459-1335EB5BE81A}.Debug|Any CPU.ActiveCfg = Debug|Any CPU
		{EF28DEED-0663-4374-A459-1335EB5BE81A}.Debug|Any CPU.Build.0 = Debug|Any CPU
		{EF28DEED-0663-4374-A459-1335EB5BE81A}.Release|Any CPU.ActiveCfg = Release|Any CPU
		{EF28DEED-0663-4374-A459-1335EB5BE81A}.Release|Any CPU.Build.0 = Release|Any CPU
	EndGlobalSection
	GlobalSection(SolutionProperties) = preSolution
		HideSolutionNode = FALSE
	EndGlobalSection
	GlobalSection(ExtensibilityGlobals) = postSolution
		SolutionGuid = {D439B687-CF0D-434F-A8DF-0231E680B2A7}
	EndGlobalSection
EndGlobal
